
Microsoft Visual Studio Solution File, Format Version 12.00
# Visual Studio 2012
Project("{FAE04EC0-301F-11D3-BF4B-00C04F79EFBC}") = "sharp-arduino-serial-packet-lib", "sharp-arduino-serial-packet-lib\sharp-arduino-serial-packet-lib.csproj", "{57D2E5BA-3B0B-4A73-8AE6-C19F1FD493FB}"
EndProject
Global
	GlobalSection(SolutionConfigurationPlatforms) = preSolution
		Debug|Any CPU = Debug|Any CPU
		Release|Any CPU = Release|Any CPU
	EndGlobalSection
	GlobalSection(ProjectConfigurationPlatforms) = postSolution
		{57D2E5BA-3B0B-4A73-8AE6-C19F1FD493FB}.Debug|Any CPU.ActiveCfg = Debug|Any CPU
		{57D2E5BA-3B0B-4A73-8AE6-C19F1FD493FB}.Debug|Any CPU.Build.0 = Debug|Any CPU
		{57D2E5BA-3B0B-4A73-8AE6-C19F1FD493FB}.Release|Any CPU.ActiveCfg = Release|Any CPU
		{57D2E5BA-3B0B-4A73-8AE6-C19F1FD493FB}.Release|Any CPU.Build.0 = Release|Any CPU
	EndGlobalSection
	GlobalSection(SolutionProperties) = preSolution
		HideSolutionNode = FALSE
	EndGlobalSection
EndGlobal
