
Microsoft Visual Studio Solution File, Format Version 12.00
# Visual Studio 2012
Project("{FAE04EC0-301F-11D3-BF4B-00C04F79EFBC}") = "sharp-arduino-serial-packet-lib", "sharp-arduino-serial-packet-lib\sharp-arduino-serial-packet-lib.csproj", "{57D2E5BA-3B0B-4A73-8AE6-C19F1FD493FB}"
EndProject
Project("{FAE04EC0-301F-11D3-BF4B-00C04F79EFBC}") = "seriallibtester", "seriallibtester\seriallibtester.csproj", "{A104ABD2-5D4A-423B-9467-D902C0AB56C6}"
EndProject
Project("{FAE04EC0-301F-11D3-BF4B-00C04F79EFBC}") = "WpfTester", "WpfTester\WpfTester.csproj", "{6F1EE2D0-22A6-4F88-8BB1-D3A52FCCC921}"
EndProject
Project("{FAE04EC0-301F-11D3-BF4B-00C04F79EFBC}") = "seriallibUnitTests", "seriallibUnitTests\seriallibUnitTests.csproj", "{2D51C53E-8AE0-44F1-954F-07C4B1CD9272}"
EndProject
Global
	GlobalSection(SolutionConfigurationPlatforms) = preSolution
		Debug|Any CPU = Debug|Any CPU
		Release|Any CPU = Release|Any CPU
	EndGlobalSection
	GlobalSection(ProjectConfigurationPlatforms) = postSolution
		{57D2E5BA-3B0B-4A73-8AE6-C19F1FD493FB}.Debug|Any CPU.ActiveCfg = Debug|Any CPU
		{57D2E5BA-3B0B-4A73-8AE6-C19F1FD493FB}.Debug|Any CPU.Build.0 = Debug|Any CPU
		{57D2E5BA-3B0B-4A73-8AE6-C19F1FD493FB}.Release|Any CPU.ActiveCfg = Release|Any CPU
		{57D2E5BA-3B0B-4A73-8AE6-C19F1FD493FB}.Release|Any CPU.Build.0 = Release|Any CPU
		{A104ABD2-5D4A-423B-9467-D902C0AB56C6}.Debug|Any CPU.ActiveCfg = Debug|Any CPU
		{A104ABD2-5D4A-423B-9467-D902C0AB56C6}.Debug|Any CPU.Build.0 = Debug|Any CPU
		{A104ABD2-5D4A-423B-9467-D902C0AB56C6}.Release|Any CPU.ActiveCfg = Release|Any CPU
		{A104ABD2-5D4A-423B-9467-D902C0AB56C6}.Release|Any CPU.Build.0 = Release|Any CPU
		{6F1EE2D0-22A6-4F88-8BB1-D3A52FCCC921}.Debug|Any CPU.ActiveCfg = Debug|Any CPU
		{6F1EE2D0-22A6-4F88-8BB1-D3A52FCCC921}.Debug|Any CPU.Build.0 = Debug|Any CPU
		{6F1EE2D0-22A6-4F88-8BB1-D3A52FCCC921}.Release|Any CPU.ActiveCfg = Release|Any CPU
		{6F1EE2D0-22A6-4F88-8BB1-D3A52FCCC921}.Release|Any CPU.Build.0 = Release|Any CPU
		{2D51C53E-8AE0-44F1-954F-07C4B1CD9272}.Debug|Any CPU.ActiveCfg = Debug|Any CPU
		{2D51C53E-8AE0-44F1-954F-07C4B1CD9272}.Debug|Any CPU.Build.0 = Debug|Any CPU
		{2D51C53E-8AE0-44F1-954F-07C4B1CD9272}.Release|Any CPU.ActiveCfg = Release|Any CPU
		{2D51C53E-8AE0-44F1-954F-07C4B1CD9272}.Release|Any CPU.Build.0 = Release|Any CPU
	EndGlobalSection
	GlobalSection(SolutionProperties) = preSolution
		HideSolutionNode = FALSE
	EndGlobalSection
EndGlobal
